// !$*UTF8*$!
{
	archiveVersion = 1;
	classes = {
	};
	objectVersion = 46;
	objects = {

/* Begin PBXBuildFile section */
		6925F250758D408B080CC64B /* libPods.a in Frameworks */ = {isa = PBXBuildFile; fileRef = C066AED1DC75CFEF3051DDD9 /* libPods.a */; };
		7794BE101AA5AE8300682062 /* main.m in Sources */ = {isa = PBXBuildFile; fileRef = 7794BE0F1AA5AE8300682062 /* main.m */; };
		7794BE131AA5AE8300682062 /* AppDelegate.m in Sources */ = {isa = PBXBuildFile; fileRef = 7794BE121AA5AE8300682062 /* AppDelegate.m */; };
		7794BE161AA5AE8300682062 /* ViewController.m in Sources */ = {isa = PBXBuildFile; fileRef = 7794BE151AA5AE8300682062 /* ViewController.m */; };
		7794BE191AA5AE8300682062 /* Main.storyboard in Resources */ = {isa = PBXBuildFile; fileRef = 7794BE171AA5AE8300682062 /* Main.storyboard */; };
		7794BE1B1AA5AE8300682062 /* Images.xcassets in Resources */ = {isa = PBXBuildFile; fileRef = 7794BE1A1AA5AE8300682062 /* Images.xcassets */; };
		7794BE1E1AA5AE8300682062 /* LaunchScreen.xib in Resources */ = {isa = PBXBuildFile; fileRef = 7794BE1C1AA5AE8300682062 /* LaunchScreen.xib */; };
		7794BE2A1AA5AE8300682062 /* CollectToDesktopTests.m in Sources */ = {isa = PBXBuildFile; fileRef = 7794BE291AA5AE8300682062 /* CollectToDesktopTests.m */; };
		7794BE371AA5BC4500682062 /* phone_template.mobileconfig in Resources */ = {isa = PBXBuildFile; fileRef = 7794BE361AA5BC4500682062 /* phone_template.mobileconfig */; };
/* End PBXBuildFile section */

/* Begin PBXContainerItemProxy section */
		7794BE241AA5AE8300682062 /* PBXContainerItemProxy */ = {
			isa = PBXContainerItemProxy;
			containerPortal = 7794BE021AA5AE8200682062 /* Project object */;
			proxyType = 1;
			remoteGlobalIDString = 7794BE091AA5AE8200682062;
			remoteInfo = CollectToDesktop;
		};
/* End PBXContainerItemProxy section */

/* Begin PBXFileReference section */
		6ADCB4313F5672399EFF8582 /* Pods.debug.xcconfig */ = {isa = PBXFileReference; includeInIndex = 1; lastKnownFileType = text.xcconfig; name = Pods.debug.xcconfig; path = "Pods/Target Support Files/Pods/Pods.debug.xcconfig"; sourceTree = "<group>"; };
		6B405D4BEE8196F9C6530F1C /* Pods.release.xcconfig */ = {isa = PBXFileReference; includeInIndex = 1; lastKnownFileType = text.xcconfig; name = Pods.release.xcconfig; path = "Pods/Target Support Files/Pods/Pods.release.xcconfig"; sourceTree = "<group>"; };
		7794BE0A1AA5AE8300682062 /* CollectToDesktop.app */ = {isa = PBXFileReference; explicitFileType = wrapper.application; includeInIndex = 0; path = CollectToDesktop.app; sourceTree = BUILT_PRODUCTS_DIR; };
		7794BE0E1AA5AE8300682062 /* Info.plist */ = {isa = PBXFileReference; lastKnownFileType = text.plist.xml; path = Info.plist; sourceTree = "<group>"; };
		7794BE0F1AA5AE8300682062 /* main.m */ = {isa = PBXFileReference; lastKnownFileType = sourcecode.c.objc; path = main.m; sourceTree = "<group>"; };
		7794BE111AA5AE8300682062 /* AppDelegate.h */ = {isa = PBXFileReference; lastKnownFileType = sourcecode.c.h; path = AppDelegate.h; sourceTree = "<group>"; };
		7794BE121AA5AE8300682062 /* AppDelegate.m */ = {isa = PBXFileReference; lastKnownFileType = sourcecode.c.objc; path = AppDelegate.m; sourceTree = "<group>"; };
		7794BE141AA5AE8300682062 /* ViewController.h */ = {isa = PBXFileReference; lastKnownFileType = sourcecode.c.h; path = ViewController.h; sourceTree = "<group>"; };
		7794BE151AA5AE8300682062 /* ViewController.m */ = {isa = PBXFileReference; lastKnownFileType = sourcecode.c.objc; path = ViewController.m; sourceTree = "<group>"; };
		7794BE181AA5AE8300682062 /* Base */ = {isa = PBXFileReference; lastKnownFileType = file.storyboard; name = Base; path = Base.lproj/Main.storyboard; sourceTree = "<group>"; };
		7794BE1A1AA5AE8300682062 /* Images.xcassets */ = {isa = PBXFileReference; lastKnownFileType = folder.assetcatalog; path = Images.xcassets; sourceTree = "<group>"; };
		7794BE1D1AA5AE8300682062 /* Base */ = {isa = PBXFileReference; lastKnownFileType = file.xib; name = Base; path = Base.lproj/LaunchScreen.xib; sourceTree = "<group>"; };
		7794BE231AA5AE8300682062 /* CollectToDesktopTests.xctest */ = {isa = PBXFileReference; explicitFileType = wrapper.cfbundle; includeInIndex = 0; path = CollectToDesktopTests.xctest; sourceTree = BUILT_PRODUCTS_DIR; };
		7794BE281AA5AE8300682062 /* Info.plist */ = {isa = PBXFileReference; lastKnownFileType = text.plist.xml; path = Info.plist; sourceTree = "<group>"; };
		7794BE291AA5AE8300682062 /* CollectToDesktopTests.m */ = {isa = PBXFileReference; lastKnownFileType = sourcecode.c.objc; path = CollectToDesktopTests.m; sourceTree = "<group>"; };
		7794BE361AA5BC4500682062 /* phone_template.mobileconfig */ = {isa = PBXFileReference; fileEncoding = 4; lastKnownFileType = text.xml; path = phone_template.mobileconfig; sourceTree = "<group>"; };
		C066AED1DC75CFEF3051DDD9 /* libPods.a */ = {isa = PBXFileReference; explicitFileType = archive.ar; includeInIndex = 0; path = libPods.a; sourceTree = BUILT_PRODUCTS_DIR; };
/* End PBXFileReference section */

/* Begin PBXFrameworksBuildPhase section */
		7794BE071AA5AE8200682062 /* Frameworks */ = {
			isa = PBXFrameworksBuildPhase;
			buildActionMask = 2147483647;
			files = (
				6925F250758D408B080CC64B /* libPods.a in Frameworks */,
			);
			runOnlyForDeploymentPostprocessing = 0;
		};
		7794BE201AA5AE8300682062 /* Frameworks */ = {
			isa = PBXFrameworksBuildPhase;
			buildActionMask = 2147483647;
			files = (
			);
			runOnlyForDeploymentPostprocessing = 0;
		};
/* End PBXFrameworksBuildPhase section */

/* Begin PBXGroup section */
		108684F63ADD9B7525C67E11 /* Frameworks */ = {
			isa = PBXGroup;
			children = (
				C066AED1DC75CFEF3051DDD9 /* libPods.a */,
			);
			name = Frameworks;
			sourceTree = "<group>";
		};
		7794BE011AA5AE8200682062 = {
			isa = PBXGroup;
			children = (
				7794BE0C1AA5AE8300682062 /* CollectToDesktop */,
				7794BE261AA5AE8300682062 /* CollectToDesktopTests */,
				7794BE0B1AA5AE8300682062 /* Products */,
				EDD0D5FAB48F80AFE30CDA0F /* Pods */,
				108684F63ADD9B7525C67E11 /* Frameworks */,
			);
			sourceTree = "<group>";
		};
		7794BE0B1AA5AE8300682062 /* Products */ = {
			isa = PBXGroup;
			children = (
				7794BE0A1AA5AE8300682062 /* CollectToDesktop.app */,
				7794BE231AA5AE8300682062 /* CollectToDesktopTests.xctest */,
			);
			name = Products;
			sourceTree = "<group>";
		};
		7794BE0C1AA5AE8300682062 /* CollectToDesktop */ = {
			isa = PBXGroup;
			children = (
				7794BE111AA5AE8300682062 /* AppDelegate.h */,
				7794BE121AA5AE8300682062 /* AppDelegate.m */,
				7794BE141AA5AE8300682062 /* ViewController.h */,
				7794BE151AA5AE8300682062 /* ViewController.m */,
				7794BE171AA5AE8300682062 /* Main.storyboard */,
				7794BE1A1AA5AE8300682062 /* Images.xcassets */,
				7794BE1C1AA5AE8300682062 /* LaunchScreen.xib */,
				7794BE0D1AA5AE8300682062 /* Supporting Files */,
			);
			path = CollectToDesktop;
			sourceTree = "<group>";
		};
		7794BE0D1AA5AE8300682062 /* Supporting Files */ = {
			isa = PBXGroup;
			children = (
				7794BE361AA5BC4500682062 /* phone_template.mobileconfig */,
				7794BE0E1AA5AE8300682062 /* Info.plist */,
				7794BE0F1AA5AE8300682062 /* main.m */,
			);
			name = "Supporting Files";
			sourceTree = "<group>";
		};
		7794BE261AA5AE8300682062 /* CollectToDesktopTests */ = {
			isa = PBXGroup;
			children = (
				7794BE291AA5AE8300682062 /* CollectToDesktopTests.m */,
				7794BE271AA5AE8300682062 /* Supporting Files */,
			);
			path = CollectToDesktopTests;
			sourceTree = "<group>";
		};
		7794BE271AA5AE8300682062 /* Supporting Files */ = {
			isa = PBXGroup;
			children = (
				7794BE281AA5AE8300682062 /* Info.plist */,
			);
			name = "Supporting Files";
			sourceTree = "<group>";
		};
		EDD0D5FAB48F80AFE30CDA0F /* Pods */ = {
			isa = PBXGroup;
			children = (
				6ADCB4313F5672399EFF8582 /* Pods.debug.xcconfig */,
				6B405D4BEE8196F9C6530F1C /* Pods.release.xcconfig */,
			);
			name = Pods;
			sourceTree = "<group>";
		};
/* End PBXGroup section */

/* Begin PBXNativeTarget section */
		7794BE091AA5AE8200682062 /* CollectToDesktop */ = {
			isa = PBXNativeTarget;
			buildConfigurationList = 7794BE2D1AA5AE8300682062 /* Build configuration list for PBXNativeTarget "CollectToDesktop" */;
			buildPhases = (
				4B29BFCA50A5F96844F5BD72 /* Check Pods Manifest.lock */,
				7794BE061AA5AE8200682062 /* Sources */,
				7794BE071AA5AE8200682062 /* Frameworks */,
				7794BE081AA5AE8200682062 /* Resources */,
				2C9C309C45FF2EB47E06EC53 /* Copy Pods Resources */,
			);
			buildRules = (
			);
			dependencies = (
			);
			name = CollectToDesktop;
			productName = CollectToDesktop;
			productReference = 7794BE0A1AA5AE8300682062 /* CollectToDesktop.app */;
			productType = "com.apple.product-type.application";
		};
		7794BE221AA5AE8300682062 /* CollectToDesktopTests */ = {
			isa = PBXNativeTarget;
			buildConfigurationList = 7794BE301AA5AE8300682062 /* Build configuration list for PBXNativeTarget "CollectToDesktopTests" */;
			buildPhases = (
				7794BE1F1AA5AE8300682062 /* Sources */,
				7794BE201AA5AE8300682062 /* Frameworks */,
				7794BE211AA5AE8300682062 /* Resources */,
			);
			buildRules = (
			);
			dependencies = (
				7794BE251AA5AE8300682062 /* PBXTargetDependency */,
			);
			name = CollectToDesktopTests;
			productName = CollectToDesktopTests;
			productReference = 7794BE231AA5AE8300682062 /* CollectToDesktopTests.xctest */;
			productType = "com.apple.product-type.bundle.unit-test";
		};
/* End PBXNativeTarget section */

/* Begin PBXProject section */
		7794BE021AA5AE8200682062 /* Project object */ = {
			isa = PBXProject;
			attributes = {
				LastUpgradeCheck = 0610;
				ORGANIZATIONNAME = godbe;
				TargetAttributes = {
					7794BE091AA5AE8200682062 = {
						CreatedOnToolsVersion = 6.1;
					};
					7794BE221AA5AE8300682062 = {
						CreatedOnToolsVersion = 6.1;
						TestTargetID = 7794BE091AA5AE8200682062;
					};
				};
			};
			buildConfigurationList = 7794BE051AA5AE8200682062 /* Build configuration list for PBXProject "CollectToDesktop" */;
			compatibilityVersion = "Xcode 3.2";
			developmentRegion = English;
			hasScannedForEncodings = 0;
			knownRegions = (
				en,
				Base,
			);
			mainGroup = 7794BE011AA5AE8200682062;
			productRefGroup = 7794BE0B1AA5AE8300682062 /* Products */;
			projectDirPath = "";
			projectRoot = "";
			targets = (
				7794BE091AA5AE8200682062 /* CollectToDesktop */,
				7794BE221AA5AE8300682062 /* CollectToDesktopTests */,
			);
		};
/* End PBXProject section */

/* Begin PBXResourcesBuildPhase section */
		7794BE081AA5AE8200682062 /* Resources */ = {
			isa = PBXResourcesBuildPhase;
			buildActionMask = 2147483647;
			files = (
				7794BE371AA5BC4500682062 /* phone_template.mobileconfig in Resources */,
				7794BE191AA5AE8300682062 /* Main.storyboard in Resources */,
				7794BE1E1AA5AE8300682062 /* LaunchScreen.xib in Resources */,
				7794BE1B1AA5AE8300682062 /* Images.xcassets in Resources */,
			);
			runOnlyForDeploymentPostprocessing = 0;
		};
		7794BE211AA5AE8300682062 /* Resources */ = {
			isa = PBXResourcesBuildPhase;
			buildActionMask = 2147483647;
			files = (
			);
			runOnlyForDeploymentPostprocessing = 0;
		};
/* End PBXResourcesBuildPhase section */

/* Begin PBXShellScriptBuildPhase section */
		2C9C309C45FF2EB47E06EC53 /* Copy Pods Resources */ = {
			isa = PBXShellScriptBuildPhase;
			buildActionMask = 2147483647;
			files = (
			);
			inputPaths = (
			);
			name = "Copy Pods Resources";
			outputPaths = (
			);
			runOnlyForDeploymentPostprocessing = 0;
			shellPath = /bin/sh;
			shellScript = "\"${SRCROOT}/Pods/Target Support Files/Pods/Pods-resources.sh\"\n";
			showEnvVarsInLog = 0;
		};
		4B29BFCA50A5F96844F5BD72 /* Check Pods Manifest.lock */ = {
			isa = PBXShellScriptBuildPhase;
			buildActionMask = 2147483647;
			files = (
			);
			inputPaths = (
			);
			name = "Check Pods Manifest.lock";
			outputPaths = (
			);
			runOnlyForDeploymentPostprocessing = 0;
			shellPath = /bin/sh;
			shellScript = "diff \"${PODS_ROOT}/../Podfile.lock\" \"${PODS_ROOT}/Manifest.lock\" > /dev/null\nif [[ $? != 0 ]] ; then\n    cat << EOM\nerror: The sandbox is not in sync with the Podfile.lock. Run 'pod install' or update your CocoaPods installation.\nEOM\n    exit 1\nfi\n";
			showEnvVarsInLog = 0;
		};
/* End PBXShellScriptBuildPhase section */

/* Begin PBXSourcesBuildPhase section */
		7794BE061AA5AE8200682062 /* Sources */ = {
			isa = PBXSourcesBuildPhase;
			buildActionMask = 2147483647;
			files = (
				7794BE161AA5AE8300682062 /* ViewController.m in Sources */,
				7794BE131AA5AE8300682062 /* AppDelegate.m in Sources */,
				7794BE101AA5AE8300682062 /* main.m in Sources */,
			);
			runOnlyForDeploymentPostprocessing = 0;
		};
		7794BE1F1AA5AE8300682062 /* Sources */ = {
			isa = PBXSourcesBuildPhase;
			buildActionMask = 2147483647;
			files = (
				7794BE2A1AA5AE8300682062 /* CollectToDesktopTests.m in Sources */,
			);
			runOnlyForDeploymentPostprocessing = 0;
		};
/* End PBXSourcesBuildPhase section */

/* Begin PBXTargetDependency section */
		7794BE251AA5AE8300682062 /* PBXTargetDependency */ = {
			isa = PBXTargetDependency;
			target = 7794BE091AA5AE8200682062 /* CollectToDesktop */;
			targetProxy = 7794BE241AA5AE8300682062 /* PBXContainerItemProxy */;
		};
/* End PBXTargetDependency section */

/* Begin PBXVariantGroup section */
		7794BE171AA5AE8300682062 /* Main.storyboard */ = {
			isa = PBXVariantGroup;
			children = (
				7794BE181AA5AE8300682062 /* Base */,
			);
			name = Main.storyboard;
			sourceTree = "<group>";
		};
		7794BE1C1AA5AE8300682062 /* LaunchScreen.xib */ = {
			isa = PBXVariantGroup;
			children = (
				7794BE1D1AA5AE8300682062 /* Base */,
			);
			name = LaunchScreen.xib;
			sourceTree = "<group>";
		};
/* End PBXVariantGroup section */

/* Begin XCBuildConfiguration section */
		7794BE2B1AA5AE8300682062 /* Debug */ = {
			isa = XCBuildConfiguration;
			buildSettings = {
				ALWAYS_SEARCH_USER_PATHS = NO;
				CLANG_CXX_LANGUAGE_STANDARD = "gnu++0x";
				CLANG_CXX_LIBRARY = "libc++";
				CLANG_ENABLE_MODULES = YES;
				CLANG_ENABLE_OBJC_ARC = YES;
				CLANG_WARN_BOOL_CONVERSION = YES;
				CLANG_WARN_CONSTANT_CONVERSION = YES;
				CLANG_WARN_DIRECT_OBJC_ISA_USAGE = YES_ERROR;
				CLANG_WARN_EMPTY_BODY = YES;
				CLANG_WARN_ENUM_CONVERSION = YES;
				CLANG_WARN_INT_CONVERSION = YES;
				CLANG_WARN_OBJC_ROOT_CLASS = YES_ERROR;
				CLANG_WARN_UNREACHABLE_CODE = YES;
				CLANG_WARN__DUPLICATE_METHOD_MATCH = YES;
				"CODE_SIGN_IDENTITY[sdk=iphoneos*]" = "iPhone Developer";
				COPY_PHASE_STRIP = NO;
				ENABLE_STRICT_OBJC_MSGSEND = YES;
				GCC_C_LANGUAGE_STANDARD = gnu99;
				GCC_DYNAMIC_NO_PIC = NO;
				GCC_OPTIMIZATION_LEVEL = 0;
				GCC_PREPROCESSOR_DEFINITIONS = (
					"DEBUG=1",
					"$(inherited)",
				);
				GCC_SYMBOLS_PRIVATE_EXTERN = NO;
				GCC_WARN_64_TO_32_BIT_CONVERSION = YES;
				GCC_WARN_ABOUT_RETURN_TYPE = YES_ERROR;
				GCC_WARN_UNDECLARED_SELECTOR = YES;
				GCC_WARN_UNINITIALIZED_AUTOS = YES_AGGRESSIVE;
				GCC_WARN_UNUSED_FUNCTION = YES;
				GCC_WARN_UNUSED_VARIABLE = YES;
				IPHONEOS_DEPLOYMENT_TARGET = 8.1;
				MTL_ENABLE_DEBUG_INFO = YES;
				ONLY_ACTIVE_ARCH = YES;
				SDKROOT = iphoneos;
			};
			name = Debug;
		};
		7794BE2C1AA5AE8300682062 /* Release */ = {
			isa = XCBuildConfiguration;
			buildSettings = {
				ALWAYS_SEARCH_USER_PATHS = NO;
				CLANG_CXX_LANGUAGE_STANDARD = "gnu++0x";
				CLANG_CXX_LIBRARY = "libc++";
				CLANG_ENABLE_MODULES = YES;
				CLANG_ENABLE_OBJC_ARC = YES;
				CLANG_WARN_BOOL_CONVERSION = YES;
				CLANG_WARN_CONSTANT_CONVERSION = YES;
				CLANG_WARN_DIRECT_OBJC_ISA_USAGE = YES_ERROR;
				CLANG_WARN_EMPTY_BODY = YES;
				CLANG_WARN_ENUM_CONVERSION = YES;
				CLANG_WARN_INT_CONVERSION = YES;
				CLANG_WARN_OBJC_ROOT_CLASS = YES_ERROR;
				CLANG_WARN_UNREACHABLE_CODE = YES;
				CLANG_WARN__DUPLICATE_METHOD_MATCH = YES;
				"CODE_SIGN_IDENTITY[sdk=iphoneos*]" = "iPhone Developer";
				COPY_PHASE_STRIP = YES;
				ENABLE_NS_ASSERTIONS = NO;
				ENABLE_STRICT_OBJC_MSGSEND = YES;
				GCC_C_LANGUAGE_STANDARD = gnu99;
				GCC_WARN_64_TO_32_BIT_CONVERSION = YES;
				GCC_WARN_ABOUT_RETURN_TYPE = YES_ERROR;
				GCC_WARN_UNDECLARED_SELECTOR = YES;
				GCC_WARN_UNINITIALIZED_AUTOS = YES_AGGRESSIVE;
				GCC_WARN_UNUSED_FUNCTION = YES;
				GCC_WARN_UNUSED_VARIABLE = YES;
				IPHONEOS_DEPLOYMENT_TARGET = 8.1;
				MTL_ENABLE_DEBUG_INFO = NO;
				SDKROOT = iphoneos;
				VALIDATE_PRODUCT = YES;
			};
			name = Release;
		};
		7794BE2E1AA5AE8300682062 /* Debug */ = {
			isa = XCBuildConfiguration;
			baseConfigurationReference = 6ADCB4313F5672399EFF8582 /* Pods.debug.xcconfig */;
			buildSettings = {
				ASSETCATALOG_COMPILER_APPICON_NAME = AppIcon;
				INFOPLIST_FILE = CollectToDesktop/Info.plist;
				LD_RUNPATH_SEARCH_PATHS = "$(inherited) @executable_path/Frameworks";
				PRODUCT_NAME = "$(TARGET_NAME)";
			};
			name = Debug;
		};
		7794BE2F1AA5AE8300682062 /* Release */ = {
			isa = XCBuildConfiguration;
			baseConfigurationReference = 6B405D4BEE8196F9C6530F1C /* Pods.release.xcconfig */;
			buildSettings = {
				ASSETCATALOG_COMPILER_APPICON_NAME = AppIcon;
				INFOPLIST_FILE = CollectToDesktop/Info.plist;
				LD_RUNPATH_SEARCH_PATHS = "$(inherited) @executable_path/Frameworks";
				PRODUCT_NAME = "$(TARGET_NAME)";
			};
			name = Release;
		};
		7794BE311AA5AE8300682062 /* Debug */ = {
			isa = XCBuildConfiguration;
			buildSettings = {
				BUNDLE_LOADER = "$(TEST_HOST)";
				FRAMEWORK_SEARCH_PATHS = (
					"$(SDKROOT)/Developer/Library/Frameworks",
					"$(inherited)",
				);
				GCC_PREPROCESSOR_DEFINITIONS = (
					"DEBUG=1",
					"$(inherited)",
				);
				INFOPLIST_FILE = CollectToDesktopTests/Info.plist;
				LD_RUNPATH_SEARCH_PATHS = "$(inherited) @executable_path/Frameworks @loader_path/Frameworks";
				PRODUCT_NAME = "$(TARGET_NAME)";
				TEST_HOST = "$(BUILT_PRODUCTS_DIR)/CollectToDesktop.app/CollectToDesktop";
			};
			name = Debug;
		};
		7794BE321AA5AE8300682062 /* Release */ = {
			isa = XCBuildConfiguration;
			buildSettings = {
				BUNDLE_LOADER = "$(TEST_HOST)";
				FRAMEWORK_SEARCH_PATHS = (
					"$(SDKROOT)/Developer/Library/Frameworks",
					"$(inherited)",
				);
				INFOPLIST_FILE = CollectToDesktopTests/Info.plist;
				LD_RUNPATH_SEARCH_PATHS = "$(inherited) @executable_path/Frameworks @loader_path/Frameworks";
				PRODUCT_NAME = "$(TARGET_NAME)";
				TEST_HOST = "$(BUILT_PRODUCTS_DIR)/CollectToDesktop.app/CollectToDesktop";
			};
			name = Release;
		};
/* End XCBuildConfiguration section */

/* Begin XCConfigurationList section */
		7794BE051AA5AE8200682062 /* Build configuration list for PBXProject "CollectToDesktop" */ = {
			isa = XCConfigurationList;
			buildConfigurations = (
				7794BE2B1AA5AE8300682062 /* Debug */,
				7794BE2C1AA5AE8300682062 /* Release */,
			);
			defaultConfigurationIsVisible = 0;
			defaultConfigurationName = Release;
		};
		7794BE2D1AA5AE8300682062 /* Build configuration list for PBXNativeTarget "CollectToDesktop" */ = {
			isa = XCConfigurationList;
			buildConfigurations = (
				7794BE2E1AA5AE8300682062 /* Debug */,
				7794BE2F1AA5AE8300682062 /* Release */,
			);
			defaultConfigurationIsVisible = 0;
			defaultConfigurationName = Release;
		};
		7794BE301AA5AE8300682062 /* Build configuration list for PBXNativeTarget "CollectToDesktopTests" */ = {
			isa = XCConfigurationList;
			buildConfigurations = (
				7794BE311AA5AE8300682062 /* Debug */,
				7794BE321AA5AE8300682062 /* Release */,
			);
			defaultConfigurationIsVisible = 0;
			defaultConfigurationName = Release;
		};
/* End XCConfigurationList section */
	};
	rootObject = 7794BE021AA5AE8200682062 /* Project object */;
}
